
Microsoft Visual Studio Solution File, Format Version 12.00
# Visual Studio Version 17
VisualStudioVersion = 17.6.33513.286
MinimumVisualStudioVersion = 10.0.40219.1
Project("{FAE04EC0-301F-11D3-BF4B-00C04F79EFBC}") = "odev_6", "odev_6\odev_6.csproj", "{48CBA065-3DE1-4922-8BDB-2CFE1AF57732}"
EndProject
Global
	GlobalSection(SolutionConfigurationPlatforms) = preSolution
		Debug|Any CPU = Debug|Any CPU
		Release|Any CPU = Release|Any CPU
	EndGlobalSection
	GlobalSection(ProjectConfigurationPlatforms) = postSolution
		{48CBA065-3DE1-4922-8BDB-2CFE1AF57732}.Debug|Any CPU.ActiveCfg = Debug|Any CPU
		{48CBA065-3DE1-4922-8BDB-2CFE1AF57732}.Debug|Any CPU.Build.0 = Debug|Any CPU
		{48CBA065-3DE1-4922-8BDB-2CFE1AF57732}.Release|Any CPU.ActiveCfg = Release|Any CPU
		{48CBA065-3DE1-4922-8BDB-2CFE1AF57732}.Release|Any CPU.Build.0 = Release|Any CPU
	EndGlobalSection
	GlobalSection(SolutionProperties) = preSolution
		HideSolutionNode = FALSE
	EndGlobalSection
	GlobalSection(ExtensibilityGlobals) = postSolution
		SolutionGuid = {9FDD7E35-684B-446A-8BF3-91F462E208FE}
	EndGlobalSection
EndGlobal
